
Microsoft Visual Studio Solution File, Format Version 12.00
# Visual Studio Version 16
VisualStudioVersion = 16.0.31129.286
MinimumVisualStudioVersion = 10.0.40219.1
Project("{FAE04EC0-301F-11D3-BF4B-00C04F79EFBC}") = "Calculadora.ConsoleApp", "Calculadora.ConsoleApp\Calculadora.ConsoleApp.csproj", "{76052D32-8C71-43D7-BCCC-EE9A1BB4FE23}"
EndProject
Global
	GlobalSection(SolutionConfigurationPlatforms) = preSolution
		Debug|Any CPU = Debug|Any CPU
		Release|Any CPU = Release|Any CPU
	EndGlobalSection
	GlobalSection(ProjectConfigurationPlatforms) = postSolution
		{76052D32-8C71-43D7-BCCC-EE9A1BB4FE23}.Debug|Any CPU.ActiveCfg = Debug|Any CPU
		{76052D32-8C71-43D7-BCCC-EE9A1BB4FE23}.Debug|Any CPU.Build.0 = Debug|Any CPU
		{76052D32-8C71-43D7-BCCC-EE9A1BB4FE23}.Release|Any CPU.ActiveCfg = Release|Any CPU
		{76052D32-8C71-43D7-BCCC-EE9A1BB4FE23}.Release|Any CPU.Build.0 = Release|Any CPU
	EndGlobalSection
	GlobalSection(SolutionProperties) = preSolution
		HideSolutionNode = FALSE
	EndGlobalSection
	GlobalSection(ExtensibilityGlobals) = postSolution
		SolutionGuid = {FC58D327-FBCC-4B12-BE13-6877CA375F00}
	EndGlobalSection
EndGlobal
